
Microsoft Visual Studio Solution File, Format Version 12.00
# Visual Studio Version 16
VisualStudioVersion = 25.0.1706.5
MinimumVisualStudioVersion = 10.0.40219.1
Project("{FAE04EC0-301F-11D3-BF4B-00C04F79EFBC}") = "EjercicioClase", "EjercicioClase\EjercicioClase.csproj", "{5EBAC146-79C9-4C41-B73A-BF9841D9A60D}"
EndProject
Global
	GlobalSection(SolutionConfigurationPlatforms) = preSolution
		Debug|Any CPU = Debug|Any CPU
		Release|Any CPU = Release|Any CPU
	EndGlobalSection
	GlobalSection(ProjectConfigurationPlatforms) = postSolution
		{5EBAC146-79C9-4C41-B73A-BF9841D9A60D}.Debug|Any CPU.ActiveCfg = Debug|Any CPU
		{5EBAC146-79C9-4C41-B73A-BF9841D9A60D}.Debug|Any CPU.Build.0 = Debug|Any CPU
		{5EBAC146-79C9-4C41-B73A-BF9841D9A60D}.Release|Any CPU.ActiveCfg = Release|Any CPU
		{5EBAC146-79C9-4C41-B73A-BF9841D9A60D}.Release|Any CPU.Build.0 = Release|Any CPU
	EndGlobalSection
	GlobalSection(SolutionProperties) = preSolution
		HideSolutionNode = FALSE
	EndGlobalSection
	GlobalSection(ExtensibilityGlobals) = postSolution
		SolutionGuid = {D283070F-BCFD-4765-A0E6-58C19F578AFC}
	EndGlobalSection
EndGlobal
